
Microsoft Visual Studio Solution File, Format Version 12.00
# Visual Studio Version 16
VisualStudioVersion = 16.0.29613.14
MinimumVisualStudioVersion = 10.0.40219.1
Project("{FAE04EC0-301F-11D3-BF4B-00C04F79EFBC}") = "Task1", "Task1\Task1.csproj", "{13C7056C-3209-4D65-8441-6799E82EBFD5}"
EndProject
Project("{FAE04EC0-301F-11D3-BF4B-00C04F79EFBC}") = "Task2", "Task2\Task2.csproj", "{AE9B0B50-5431-4642-9404-197A478702B8}"
EndProject
Global
	GlobalSection(SolutionConfigurationPlatforms) = preSolution
		Debug|Any CPU = Debug|Any CPU
		Release|Any CPU = Release|Any CPU
	EndGlobalSection
	GlobalSection(ProjectConfigurationPlatforms) = postSolution
		{13C7056C-3209-4D65-8441-6799E82EBFD5}.Debug|Any CPU.ActiveCfg = Debug|Any CPU
		{13C7056C-3209-4D65-8441-6799E82EBFD5}.Debug|Any CPU.Build.0 = Debug|Any CPU
		{13C7056C-3209-4D65-8441-6799E82EBFD5}.Release|Any CPU.ActiveCfg = Release|Any CPU
		{13C7056C-3209-4D65-8441-6799E82EBFD5}.Release|Any CPU.Build.0 = Release|Any CPU
		{AE9B0B50-5431-4642-9404-197A478702B8}.Debug|Any CPU.ActiveCfg = Debug|Any CPU
		{AE9B0B50-5431-4642-9404-197A478702B8}.Debug|Any CPU.Build.0 = Debug|Any CPU
		{AE9B0B50-5431-4642-9404-197A478702B8}.Release|Any CPU.ActiveCfg = Release|Any CPU
		{AE9B0B50-5431-4642-9404-197A478702B8}.Release|Any CPU.Build.0 = Release|Any CPU
	EndGlobalSection
	GlobalSection(SolutionProperties) = preSolution
		HideSolutionNode = FALSE
	EndGlobalSection
	GlobalSection(ExtensibilityGlobals) = postSolution
		SolutionGuid = {1A5C5FCF-5631-4E4A-8836-B7260838675F}
	EndGlobalSection
EndGlobal
